
Microsoft Visual Studio Solution File, Format Version 12.00
# Visual Studio Version 17
VisualStudioVersion = 17.5.33530.505
MinimumVisualStudioVersion = 10.0.40219.1
Project("{FAE04EC0-301F-11D3-BF4B-00C04F79EFBC}") = "BANK MANAGEMENT API", "BANK MANAGEMENT API\BANK MANAGEMENT API.csproj", "{0B10A601-22E0-4C6B-86B6-2C0753D1E971}"
EndProject
Global
	GlobalSection(SolutionConfigurationPlatforms) = preSolution
		Debug|Any CPU = Debug|Any CPU
		Release|Any CPU = Release|Any CPU
	EndGlobalSection
	GlobalSection(ProjectConfigurationPlatforms) = postSolution
		{0B10A601-22E0-4C6B-86B6-2C0753D1E971}.Debug|Any CPU.ActiveCfg = Debug|Any CPU
		{0B10A601-22E0-4C6B-86B6-2C0753D1E971}.Debug|Any CPU.Build.0 = Debug|Any CPU
		{0B10A601-22E0-4C6B-86B6-2C0753D1E971}.Release|Any CPU.ActiveCfg = Release|Any CPU
		{0B10A601-22E0-4C6B-86B6-2C0753D1E971}.Release|Any CPU.Build.0 = Release|Any CPU
	EndGlobalSection
	GlobalSection(SolutionProperties) = preSolution
		HideSolutionNode = FALSE
	EndGlobalSection
	GlobalSection(ExtensibilityGlobals) = postSolution
		SolutionGuid = {7607E74A-3564-4E98-A31C-84A9A5257971}
	EndGlobalSection
EndGlobal
